// !$*UTF8*$!
{
	archiveVersion = 1;
	classes = {
	};
	objectVersion = 51;
	objects = {

/* Begin PBXBuildFile section */
		1D6B70B92620E2BA00EC4AC4 /* userListViewController.swift in Sources */ = {isa = PBXBuildFile; fileRef = 1D6B70B82620E2BA00EC4AC4 /* userListViewController.swift */; };
		1D7FB6B52620F6970037B385 /* RequestViewController.swift in Sources */ = {isa = PBXBuildFile; fileRef = 1D7FB6B42620F6970037B385 /* RequestViewController.swift */; };
		1D7FB6C52620FA0E0037B385 /* RequestTableViewCell.swift in Sources */ = {isa = PBXBuildFile; fileRef = 1D7FB6C32620FA0E0037B385 /* RequestTableViewCell.swift */; };
		1D7FB6C62620FA0E0037B385 /* RequestTableViewCell.xib in Resources */ = {isa = PBXBuildFile; fileRef = 1D7FB6C42620FA0E0037B385 /* RequestTableViewCell.xib */; };
		1DD438542620D0D000DE70B4 /* SignHandlerViewController.swift in Sources */ = {isa = PBXBuildFile; fileRef = 1DD438532620D0D000DE70B4 /* SignHandlerViewController.swift */; };
		1DD438582620D9AF00DE70B4 /* UserListCellTableViewCell.swift in Sources */ = {isa = PBXBuildFile; fileRef = 1DD438562620D9AF00DE70B4 /* UserListCellTableViewCell.swift */; };
		1DD438592620D9AF00DE70B4 /* UserListCellTableViewCell.xib in Resources */ = {isa = PBXBuildFile; fileRef = 1DD438572620D9AF00DE70B4 /* UserListCellTableViewCell.xib */; };
		1DE60BD02620CB36007EA380 /* AppDelegate.swift in Sources */ = {isa = PBXBuildFile; fileRef = 1DE60BCF2620CB36007EA380 /* AppDelegate.swift */; };
		1DE60BD22620CB36007EA380 /* SceneDelegate.swift in Sources */ = {isa = PBXBuildFile; fileRef = 1DE60BD12620CB36007EA380 /* SceneDelegate.swift */; };
		1DE60BD42620CB36007EA380 /* ViewController.swift in Sources */ = {isa = PBXBuildFile; fileRef = 1DE60BD32620CB36007EA380 /* ViewController.swift */; };
		1DE60BD72620CB36007EA380 /* Main.storyboard in Resources */ = {isa = PBXBuildFile; fileRef = 1DE60BD52620CB36007EA380 /* Main.storyboard */; };
		1DE60BD92620CB38007EA380 /* Assets.xcassets in Resources */ = {isa = PBXBuildFile; fileRef = 1DE60BD82620CB38007EA380 /* Assets.xcassets */; };
		1DE60BDC2620CB38007EA380 /* LaunchScreen.storyboard in Resources */ = {isa = PBXBuildFile; fileRef = 1DE60BDA2620CB38007EA380 /* LaunchScreen.storyboard */; };
		1DE60BE52620CF2B007EA380 /* GoogleService-Info.plist in Resources */ = {isa = PBXBuildFile; fileRef = 1DE60BE42620CF2B007EA380 /* GoogleService-Info.plist */; };
		DABA3D4ED9286A9F8A4BC921 /* Pods_DemoFriendRequest.framework in Frameworks */ = {isa = PBXBuildFile; fileRef = 9A53C7139F668CB0F9CA448E /* Pods_DemoFriendRequest.framework */; };
/* End PBXBuildFile section */

/* Begin PBXFileReference section */
		1D6B70B82620E2BA00EC4AC4 /* userListViewController.swift */ = {isa = PBXFileReference; lastKnownFileType = sourcecode.swift; path = userListViewController.swift; sourceTree = "<group>"; };
		1D7FB6B42620F6970037B385 /* RequestViewController.swift */ = {isa = PBXFileReference; lastKnownFileType = sourcecode.swift; path = RequestViewController.swift; sourceTree = "<group>"; };
		1D7FB6C32620FA0E0037B385 /* RequestTableViewCell.swift */ = {isa = PBXFileReference; lastKnownFileType = sourcecode.swift; path = RequestTableViewCell.swift; sourceTree = "<group>"; };
		1D7FB6C42620FA0E0037B385 /* RequestTableViewCell.xib */ = {isa = PBXFileReference; lastKnownFileType = file.xib; path = RequestTableViewCell.xib; sourceTree = "<group>"; };
		1DD438532620D0D000DE70B4 /* SignHandlerViewController.swift */ = {isa = PBXFileReference; lastKnownFileType = sourcecode.swift; path = SignHandlerViewController.swift; sourceTree = "<group>"; };
		1DD438562620D9AF00DE70B4 /* UserListCellTableViewCell.swift */ = {isa = PBXFileReference; lastKnownFileType = sourcecode.swift; path = UserListCellTableViewCell.swift; sourceTree = "<group>"; };
		1DD438572620D9AF00DE70B4 /* UserListCellTableViewCell.xib */ = {isa = PBXFileReference; lastKnownFileType = file.xib; path = UserListCellTableViewCell.xib; sourceTree = "<group>"; };
		1DE60BCC2620CB36007EA380 /* DemoFriendRequest.app */ = {isa = PBXFileReference; explicitFileType = wrapper.application; includeInIndex = 0; path = DemoFriendRequest.app; sourceTree = BUILT_PRODUCTS_DIR; };
		1DE60BCF2620CB36007EA380 /* AppDelegate.swift */ = {isa = PBXFileReference; lastKnownFileType = sourcecode.swift; path = AppDelegate.swift; sourceTree = "<group>"; };
		1DE60BD12620CB36007EA380 /* SceneDelegate.swift */ = {isa = PBXFileReference; lastKnownFileType = sourcecode.swift; path = SceneDelegate.swift; sourceTree = "<group>"; };
		1DE60BD32620CB36007EA380 /* ViewController.swift */ = {isa = PBXFileReference; lastKnownFileType = sourcecode.swift; path = ViewController.swift; sourceTree = "<group>"; };
		1DE60BD62620CB36007EA380 /* Base */ = {isa = PBXFileReference; lastKnownFileType = file.storyboard; name = Base; path = Base.lproj/Main.storyboard; sourceTree = "<group>"; };
		1DE60BD82620CB38007EA380 /* Assets.xcassets */ = {isa = PBXFileReference; lastKnownFileType = folder.assetcatalog; path = Assets.xcassets; sourceTree = "<group>"; };
		1DE60BDB2620CB38007EA380 /* Base */ = {isa = PBXFileReference; lastKnownFileType = file.storyboard; name = Base; path = Base.lproj/LaunchScreen.storyboard; sourceTree = "<group>"; };
		1DE60BDD2620CB38007EA380 /* Info.plist */ = {isa = PBXFileReference; lastKnownFileType = text.plist.xml; path = Info.plist; sourceTree = "<group>"; };
		1DE60BE42620CF2B007EA380 /* GoogleService-Info.plist */ = {isa = PBXFileReference; fileEncoding = 4; lastKnownFileType = text.plist.xml; path = "GoogleService-Info.plist"; sourceTree = "<group>"; };
		6123F590F7F1D7E00068B258 /* Pods-DemoFriendRequest.release.xcconfig */ = {isa = PBXFileReference; includeInIndex = 1; lastKnownFileType = text.xcconfig; name = "Pods-DemoFriendRequest.release.xcconfig"; path = "Target Support Files/Pods-DemoFriendRequest/Pods-DemoFriendRequest.release.xcconfig"; sourceTree = "<group>"; };
		9A53C7139F668CB0F9CA448E /* Pods_DemoFriendRequest.framework */ = {isa = PBXFileReference; explicitFileType = wrapper.framework; includeInIndex = 0; path = Pods_DemoFriendRequest.framework; sourceTree = BUILT_PRODUCTS_DIR; };
		CF05A60F8F1E2149272EA19B /* Pods-DemoFriendRequest.debug.xcconfig */ = {isa = PBXFileReference; includeInIndex = 1; lastKnownFileType = text.xcconfig; name = "Pods-DemoFriendRequest.debug.xcconfig"; path = "Target Support Files/Pods-DemoFriendRequest/Pods-DemoFriendRequest.debug.xcconfig"; sourceTree = "<group>"; };
/* End PBXFileReference section */

/* Begin PBXFrameworksBuildPhase section */
		1DE60BC92620CB36007EA380 /* Frameworks */ = {
			isa = PBXFrameworksBuildPhase;
			buildActionMask = 2147483647;
			files = (
				DABA3D4ED9286A9F8A4BC921 /* Pods_DemoFriendRequest.framework in Frameworks */,
			);
			runOnlyForDeploymentPostprocessing = 0;
		};
/* End PBXFrameworksBuildPhase section */

/* Begin PBXGroup section */
		1DE60BC32620CB36007EA380 = {
			isa = PBXGroup;
			children = (
				1DE60BCE2620CB36007EA380 /* DemoFriendRequest */,
				1DE60BCD2620CB36007EA380 /* Products */,
				326B3A8553A4636DD2D550E2 /* Pods */,
				37D25D92C24E6D8D45925DD6 /* Frameworks */,
			);
			sourceTree = "<group>";
		};
		1DE60BCD2620CB36007EA380 /* Products */ = {
			isa = PBXGroup;
			children = (
				1DE60BCC2620CB36007EA380 /* DemoFriendRequest.app */,
			);
			name = Products;
			sourceTree = "<group>";
		};
		1DE60BCE2620CB36007EA380 /* DemoFriendRequest */ = {
			isa = PBXGroup;
			children = (
				1DE60BCF2620CB36007EA380 /* AppDelegate.swift */,
				1D6B70B82620E2BA00EC4AC4 /* userListViewController.swift */,
				1DE60BD12620CB36007EA380 /* SceneDelegate.swift */,
				1DE60BD32620CB36007EA380 /* ViewController.swift */,
				1DE60BD52620CB36007EA380 /* Main.storyboard */,
				1DE60BD82620CB38007EA380 /* Assets.xcassets */,
				1DE60BDA2620CB38007EA380 /* LaunchScreen.storyboard */,
				1DE60BE42620CF2B007EA380 /* GoogleService-Info.plist */,
				1DE60BDD2620CB38007EA380 /* Info.plist */,
				1DD438532620D0D000DE70B4 /* SignHandlerViewController.swift */,
				1DD438562620D9AF00DE70B4 /* UserListCellTableViewCell.swift */,
				1DD438572620D9AF00DE70B4 /* UserListCellTableViewCell.xib */,
				1D7FB6B42620F6970037B385 /* RequestViewController.swift */,
				1D7FB6C32620FA0E0037B385 /* RequestTableViewCell.swift */,
				1D7FB6C42620FA0E0037B385 /* RequestTableViewCell.xib */,
			);
			path = DemoFriendRequest;
			sourceTree = "<group>";
		};
		326B3A8553A4636DD2D550E2 /* Pods */ = {
			isa = PBXGroup;
			children = (
				CF05A60F8F1E2149272EA19B /* Pods-DemoFriendRequest.debug.xcconfig */,
				6123F590F7F1D7E00068B258 /* Pods-DemoFriendRequest.release.xcconfig */,
			);
			path = Pods;
			sourceTree = "<group>";
		};
		37D25D92C24E6D8D45925DD6 /* Frameworks */ = {
			isa = PBXGroup;
			children = (
				9A53C7139F668CB0F9CA448E /* Pods_DemoFriendRequest.framework */,
			);
			name = Frameworks;
			sourceTree = "<group>";
		};
/* End PBXGroup section */

/* Begin PBXNativeTarget section */
		1DE60BCB2620CB36007EA380 /* DemoFriendRequest */ = {
			isa = PBXNativeTarget;
			buildConfigurationList = 1DE60BE02620CB38007EA380 /* Build configuration list for PBXNativeTarget "DemoFriendRequest" */;
			buildPhases = (
				1EA6C9723BE2A5E0F2576B2A /* [CP] Check Pods Manifest.lock */,
				1DE60BC82620CB36007EA380 /* Sources */,
				1DE60BC92620CB36007EA380 /* Frameworks */,
				1DE60BCA2620CB36007EA380 /* Resources */,
				51D97973A06E3496BF295116 /* [CP] Embed Pods Frameworks */,
			);
			buildRules = (
			);
			dependencies = (
			);
			name = DemoFriendRequest;
			productName = DemoFriendRequest;
			productReference = 1DE60BCC2620CB36007EA380 /* DemoFriendRequest.app */;
			productType = "com.apple.product-type.application";
		};
/* End PBXNativeTarget section */

/* Begin PBXProject section */
		1DE60BC42620CB36007EA380 /* Project object */ = {
			isa = PBXProject;
			attributes = {
				LastSwiftUpdateCheck = 1240;
				LastUpgradeCheck = 1240;
				TargetAttributes = {
					1DE60BCB2620CB36007EA380 = {
						CreatedOnToolsVersion = 12.4;
					};
				};
			};
			buildConfigurationList = 1DE60BC72620CB36007EA380 /* Build configuration list for PBXProject "DemoFriendRequest" */;
			compatibilityVersion = "Xcode 9.3";
			developmentRegion = en;
			hasScannedForEncodings = 0;
			knownRegions = (
				en,
				Base,
			);
			mainGroup = 1DE60BC32620CB36007EA380;
			productRefGroup = 1DE60BCD2620CB36007EA380 /* Products */;
			projectDirPath = "";
			projectRoot = "";
			targets = (
				1DE60BCB2620CB36007EA380 /* DemoFriendRequest */,
			);
		};
/* End PBXProject section */

/* Begin PBXResourcesBuildPhase section */
		1DE60BCA2620CB36007EA380 /* Resources */ = {
			isa = PBXResourcesBuildPhase;
			buildActionMask = 2147483647;
			files = (
				1DE60BDC2620CB38007EA380 /* LaunchScreen.storyboard in Resources */,
				1D7FB6C62620FA0E0037B385 /* RequestTableViewCell.xib in Resources */,
				1DE60BD92620CB38007EA380 /* Assets.xcassets in Resources */,
				1DE60BD72620CB36007EA380 /* Main.storyboard in Resources */,
				1DE60BE52620CF2B007EA380 /* GoogleService-Info.plist in Resources */,
				1DD438592620D9AF00DE70B4 /* UserListCellTableViewCell.xib in Resources */,
			);
			runOnlyForDeploymentPostprocessing = 0;
		};
/* End PBXResourcesBuildPhase section */

/* Begin PBXShellScriptBuildPhase section */
		1EA6C9723BE2A5E0F2576B2A /* [CP] Check Pods Manifest.lock */ = {
			isa = PBXShellScriptBuildPhase;
			buildActionMask = 2147483647;
			files = (
			);
			inputFileListPaths = (
			);
			inputPaths = (
				"${PODS_PODFILE_DIR_PATH}/Podfile.lock",
				"${PODS_ROOT}/Manifest.lock",
			);
			name = "[CP] Check Pods Manifest.lock";
			outputFileListPaths = (
			);
			outputPaths = (
				"$(DERIVED_FILE_DIR)/Pods-DemoFriendRequest-checkManifestLockResult.txt",
			);
			runOnlyForDeploymentPostprocessing = 0;
			shellPath = /bin/sh;
			shellScript = "diff \"${PODS_PODFILE_DIR_PATH}/Podfile.lock\" \"${PODS_ROOT}/Manifest.lock\" > /dev/null\nif [ $? != 0 ] ; then\n    # print error to STDERR\n    echo \"error: The sandbox is not in sync with the Podfile.lock. Run 'pod install' or update your CocoaPods installation.\" >&2\n    exit 1\nfi\n# This output is used by Xcode 'outputs' to avoid re-running this script phase.\necho \"SUCCESS\" > \"${SCRIPT_OUTPUT_FILE_0}\"\n";
			showEnvVarsInLog = 0;
		};
		51D97973A06E3496BF295116 /* [CP] Embed Pods Frameworks */ = {
			isa = PBXShellScriptBuildPhase;
			buildActionMask = 2147483647;
			files = (
			);
			inputFileListPaths = (
				"${PODS_ROOT}/Target Support Files/Pods-DemoFriendRequest/Pods-DemoFriendRequest-frameworks-${CONFIGURATION}-input-files.xcfilelist",
			);
			name = "[CP] Embed Pods Frameworks";
			outputFileListPaths = (
				"${PODS_ROOT}/Target Support Files/Pods-DemoFriendRequest/Pods-DemoFriendRequest-frameworks-${CONFIGURATION}-output-files.xcfilelist",
			);
			runOnlyForDeploymentPostprocessing = 0;
			shellPath = /bin/sh;
			shellScript = "\"${PODS_ROOT}/Target Support Files/Pods-DemoFriendRequest/Pods-DemoFriendRequest-frameworks.sh\"\n";
			showEnvVarsInLog = 0;
		};
/* End PBXShellScriptBuildPhase section */

/* Begin PBXSourcesBuildPhase section */
		1DE60BC82620CB36007EA380 /* Sources */ = {
			isa = PBXSourcesBuildPhase;
			buildActionMask = 2147483647;
			files = (
				1DD438542620D0D000DE70B4 /* SignHandlerViewController.swift in Sources */,
				1D7FB6C52620FA0E0037B385 /* RequestTableViewCell.swift in Sources */,
				1DE60BD42620CB36007EA380 /* ViewController.swift in Sources */,
				1D7FB6B52620F6970037B385 /* RequestViewController.swift in Sources */,
				1DE60BD02620CB36007EA380 /* AppDelegate.swift in Sources */,
				1D6B70B92620E2BA00EC4AC4 /* userListViewController.swift in Sources */,
				1DE60BD22620CB36007EA380 /* SceneDelegate.swift in Sources */,
				1DD438582620D9AF00DE70B4 /* UserListCellTableViewCell.swift in Sources */,
			);
			runOnlyForDeploymentPostprocessing = 0;
		};
/* End PBXSourcesBuildPhase section */

/* Begin PBXVariantGroup section */
		1DE60BD52620CB36007EA380 /* Main.storyboard */ = {
			isa = PBXVariantGroup;
			children = (
				1DE60BD62620CB36007EA380 /* Base */,
			);
			name = Main.storyboard;
			sourceTree = "<group>";
		};
		1DE60BDA2620CB38007EA380 /* LaunchScreen.storyboard */ = {
			isa = PBXVariantGroup;
			children = (
				1DE60BDB2620CB38007EA380 /* Base */,
			);
			name = LaunchScreen.storyboard;
			sourceTree = "<group>";
		};
/* End PBXVariantGroup section */

/* Begin XCBuildConfiguration section */
		1DE60BDE2620CB38007EA380 /* Debug */ = {
			isa = XCBuildConfiguration;
			buildSettings = {
				ALWAYS_SEARCH_USER_PATHS = NO;
				CLANG_ANALYZER_NONNULL = YES;
				CLANG_ANALYZER_NUMBER_OBJECT_CONVERSION = YES_AGGRESSIVE;
				CLANG_CXX_LANGUAGE_STANDARD = "gnu++14";
				CLANG_CXX_LIBRARY = "libc++";
				CLANG_ENABLE_MODULES = YES;
				CLANG_ENABLE_OBJC_ARC = YES;
				CLANG_ENABLE_OBJC_WEAK = YES;
				CLANG_WARN_BLOCK_CAPTURE_AUTORELEASING = YES;
				CLANG_WARN_BOOL_CONVERSION = YES;
				CLANG_WARN_COMMA = YES;
				CLANG_WARN_CONSTANT_CONVERSION = YES;
				CLANG_WARN_DEPRECATED_OBJC_IMPLEMENTATIONS = YES;
				CLANG_WARN_DIRECT_OBJC_ISA_USAGE = YES_ERROR;
				CLANG_WARN_DOCUMENTATION_COMMENTS = YES;
				CLANG_WARN_EMPTY_BODY = YES;
				CLANG_WARN_ENUM_CONVERSION = YES;
				CLANG_WARN_INFINITE_RECURSION = YES;
				CLANG_WARN_INT_CONVERSION = YES;
				CLANG_WARN_NON_LITERAL_NULL_CONVERSION = YES;
				CLANG_WARN_OBJC_IMPLICIT_RETAIN_SELF = YES;
				CLANG_WARN_OBJC_LITERAL_CONVERSION = YES;
				CLANG_WARN_OBJC_ROOT_CLASS = YES_ERROR;
				CLANG_WARN_QUOTED_INCLUDE_IN_FRAMEWORK_HEADER = YES;
				CLANG_WARN_RANGE_LOOP_ANALYSIS = YES;
				CLANG_WARN_STRICT_PROTOTYPES = YES;
				CLANG_WARN_SUSPICIOUS_MOVE = YES;
				CLANG_WARN_UNGUARDED_AVAILABILITY = YES_AGGRESSIVE;
				CLANG_WARN_UNREACHABLE_CODE = YES;
				CLANG_WARN__DUPLICATE_METHOD_MATCH = YES;
				COPY_PHASE_STRIP = NO;
				DEBUG_INFORMATION_FORMAT = dwarf;
				ENABLE_STRICT_OBJC_MSGSEND = YES;
				ENABLE_TESTABILITY = YES;
				GCC_C_LANGUAGE_STANDARD = gnu11;
				GCC_DYNAMIC_NO_PIC = NO;
				GCC_NO_COMMON_BLOCKS = YES;
				GCC_OPTIMIZATION_LEVEL = 0;
				GCC_PREPROCESSOR_DEFINITIONS = (
					"DEBUG=1",
					"$(inherited)",
				);
				GCC_WARN_64_TO_32_BIT_CONVERSION = YES;
				GCC_WARN_ABOUT_RETURN_TYPE = YES_ERROR;
				GCC_WARN_UNDECLARED_SELECTOR = YES;
				GCC_WARN_UNINITIALIZED_AUTOS = YES_AGGRESSIVE;
				GCC_WARN_UNUSED_FUNCTION = YES;
				GCC_WARN_UNUSED_VARIABLE = YES;
				IPHONEOS_DEPLOYMENT_TARGET = 14.4;
				MTL_ENABLE_DEBUG_INFO = INCLUDE_SOURCE;
				MTL_FAST_MATH = YES;
				ONLY_ACTIVE_ARCH = YES;
				SDKROOT = iphoneos;
				SWIFT_ACTIVE_COMPILATION_CONDITIONS = DEBUG;
				SWIFT_OPTIMIZATION_LEVEL = "-Onone";
			};
			name = Debug;
		};
		1DE60BDF2620CB38007EA380 /* Release */ = {
			isa = XCBuildConfiguration;
			buildSettings = {
				ALWAYS_SEARCH_USER_PATHS = NO;
				CLANG_ANALYZER_NONNULL = YES;
				CLANG_ANALYZER_NUMBER_OBJECT_CONVERSION = YES_AGGRESSIVE;
				CLANG_CXX_LANGUAGE_STANDARD = "gnu++14";
				CLANG_CXX_LIBRARY = "libc++";
				CLANG_ENABLE_MODULES = YES;
				CLANG_ENABLE_OBJC_ARC = YES;
				CLANG_ENABLE_OBJC_WEAK = YES;
				CLANG_WARN_BLOCK_CAPTURE_AUTORELEASING = YES;
				CLANG_WARN_BOOL_CONVERSION = YES;
				CLANG_WARN_COMMA = YES;
				CLANG_WARN_CONSTANT_CONVERSION = YES;
				CLANG_WARN_DEPRECATED_OBJC_IMPLEMENTATIONS = YES;
				CLANG_WARN_DIRECT_OBJC_ISA_USAGE = YES_ERROR;
				CLANG_WARN_DOCUMENTATION_COMMENTS = YES;
				CLANG_WARN_EMPTY_BODY = YES;
				CLANG_WARN_ENUM_CONVERSION = YES;
				CLANG_WARN_INFINITE_RECURSION = YES;
				CLANG_WARN_INT_CONVERSION = YES;
				CLANG_WARN_NON_LITERAL_NULL_CONVERSION = YES;
				CLANG_WARN_OBJC_IMPLICIT_RETAIN_SELF = YES;
				CLANG_WARN_OBJC_LITERAL_CONVERSION = YES;
				CLANG_WARN_OBJC_ROOT_CLASS = YES_ERROR;
				CLANG_WARN_QUOTED_INCLUDE_IN_FRAMEWORK_HEADER = YES;
				CLANG_WARN_RANGE_LOOP_ANALYSIS = YES;
				CLANG_WARN_STRICT_PROTOTYPES = YES;
				CLANG_WARN_SUSPICIOUS_MOVE = YES;
				CLANG_WARN_UNGUARDED_AVAILABILITY = YES_AGGRESSIVE;
				CLANG_WARN_UNREACHABLE_CODE = YES;
				CLANG_WARN__DUPLICATE_METHOD_MATCH = YES;
				COPY_PHASE_STRIP = NO;
				DEBUG_INFORMATION_FORMAT = "dwarf-with-dsym";
				ENABLE_NS_ASSERTIONS = NO;
				ENABLE_STRICT_OBJC_MSGSEND = YES;
				GCC_C_LANGUAGE_STANDARD = gnu11;
				GCC_NO_COMMON_BLOCKS = YES;
				GCC_WARN_64_TO_32_BIT_CONVERSION = YES;
				GCC_WARN_ABOUT_RETURN_TYPE = YES_ERROR;
				GCC_WARN_UNDECLARED_SELECTOR = YES;
				GCC_WARN_UNINITIALIZED_AUTOS = YES_AGGRESSIVE;
				GCC_WARN_UNUSED_FUNCTION = YES;
				GCC_WARN_UNUSED_VARIABLE = YES;
				IPHONEOS_DEPLOYMENT_TARGET = 14.4;
				MTL_ENABLE_DEBUG_INFO = NO;
				MTL_FAST_MATH = YES;
				SDKROOT = iphoneos;
				SWIFT_COMPILATION_MODE = wholemodule;
				SWIFT_OPTIMIZATION_LEVEL = "-O";
				VALIDATE_PRODUCT = YES;
			};
			name = Release;
		};
		1DE60BE12620CB38007EA380 /* Debug */ = {
			isa = XCBuildConfiguration;
			baseConfigurationReference = CF05A60F8F1E2149272EA19B /* Pods-DemoFriendRequest.debug.xcconfig */;
			buildSettings = {
				ASSETCATALOG_COMPILER_APPICON_NAME = AppIcon;
				ASSETCATALOG_COMPILER_GLOBAL_ACCENT_COLOR_NAME = AccentColor;
				CODE_SIGN_STYLE = Automatic;
				DEVELOPMENT_TEAM = LTT23YW2Z9;
				INFOPLIST_FILE = DemoFriendRequest/Info.plist;
				LD_RUNPATH_SEARCH_PATHS = (
					"$(inherited)",
					"@executable_path/Frameworks",
				);
				PRODUCT_BUNDLE_IDENTIFIER = "com.henit-chobisa.DemoFriendRequest";
				PRODUCT_NAME = "$(TARGET_NAME)";
				SWIFT_VERSION = 5.0;
				TARGETED_DEVICE_FAMILY = "1,2";
			};
			name = Debug;
		};
		1DE60BE22620CB38007EA380 /* Release */ = {
			isa = XCBuildConfiguration;
			baseConfigurationReference = 6123F590F7F1D7E00068B258 /* Pods-DemoFriendRequest.release.xcconfig */;
			buildSettings = {
				ASSETCATALOG_COMPILER_APPICON_NAME = AppIcon;
				ASSETCATALOG_COMPILER_GLOBAL_ACCENT_COLOR_NAME = AccentColor;
				CODE_SIGN_STYLE = Automatic;
				DEVELOPMENT_TEAM = LTT23YW2Z9;
				INFOPLIST_FILE = DemoFriendRequest/Info.plist;
				LD_RUNPATH_SEARCH_PATHS = (
					"$(inherited)",
					"@executable_path/Frameworks",
				);
				PRODUCT_BUNDLE_IDENTIFIER = "com.henit-chobisa.DemoFriendRequest";
				PRODUCT_NAME = "$(TARGET_NAME)";
				SWIFT_VERSION = 5.0;
				TARGETED_DEVICE_FAMILY = "1,2";
			};
			name = Release;
		};
/* End XCBuildConfiguration section */

/* Begin XCConfigurationList section */
		1DE60BC72620CB36007EA380 /* Build configuration list for PBXProject "DemoFriendRequest" */ = {
			isa = XCConfigurationList;
			buildConfigurations = (
				1DE60BDE2620CB38007EA380 /* Debug */,
				1DE60BDF2620CB38007EA380 /* Release */,
			);
			defaultConfigurationIsVisible = 0;
			defaultConfigurationName = Release;
		};
		1DE60BE02620CB38007EA380 /* Build configuration list for PBXNativeTarget "DemoFriendRequest" */ = {
			isa = XCConfigurationList;
			buildConfigurations = (
				1DE60BE12620CB38007EA380 /* Debug */,
				1DE60BE22620CB38007EA380 /* Release */,
			);
			defaultConfigurationIsVisible = 0;
			defaultConfigurationName = Release;
		};
/* End XCConfigurationList section */
	};
	rootObject = 1DE60BC42620CB36007EA380 /* Project object */;
}
